
Microsoft Visual Studio Solution File, Format Version 12.00
# Visual Studio Version 17
VisualStudioVersion = 17.5.002.0
MinimumVisualStudioVersion = 10.0.40219.1
Project("{9A19103F-16F7-4668-BE54-9A1E7A4F7556}") = "aula1", "aula1.csproj", "{E9C545A6-E23A-455D-A0DA-740F285D29BD}"
EndProject
Global
	GlobalSection(SolutionConfigurationPlatforms) = preSolution
		Debug|Any CPU = Debug|Any CPU
		Release|Any CPU = Release|Any CPU
	EndGlobalSection
	GlobalSection(ProjectConfigurationPlatforms) = postSolution
		{E9C545A6-E23A-455D-A0DA-740F285D29BD}.Debug|Any CPU.ActiveCfg = Debug|Any CPU
		{E9C545A6-E23A-455D-A0DA-740F285D29BD}.Debug|Any CPU.Build.0 = Debug|Any CPU
		{E9C545A6-E23A-455D-A0DA-740F285D29BD}.Release|Any CPU.ActiveCfg = Release|Any CPU
		{E9C545A6-E23A-455D-A0DA-740F285D29BD}.Release|Any CPU.Build.0 = Release|Any CPU
	EndGlobalSection
	GlobalSection(SolutionProperties) = preSolution
		HideSolutionNode = FALSE
	EndGlobalSection
	GlobalSection(ExtensibilityGlobals) = postSolution
		SolutionGuid = {704D499F-B7E0-4B75-BD95-F7E9E80CF376}
	EndGlobalSection
EndGlobal
